// !$*UTF8*$!
{
	archiveVersion = 1;
	classes = {
	};
	objectVersion = 50;
	objects = {

/* Begin PBXBuildFile section */
		CF0F65342005AF7C003D80B8 /* AppDelegate.swift in Sources */ = {isa = PBXBuildFile; fileRef = CF0F65332005AF7C003D80B8 /* AppDelegate.swift */; };
		CF0F65362005AF7C003D80B8 /* ViewController.swift in Sources */ = {isa = PBXBuildFile; fileRef = CF0F65352005AF7C003D80B8 /* ViewController.swift */; };
		CF0F65392005AF7C003D80B8 /* Main.storyboard in Resources */ = {isa = PBXBuildFile; fileRef = CF0F65372005AF7C003D80B8 /* Main.storyboard */; };
		CF0F653B2005AF7C003D80B8 /* Assets.xcassets in Resources */ = {isa = PBXBuildFile; fileRef = CF0F653A2005AF7C003D80B8 /* Assets.xcassets */; };
		CF0F653E2005AF7C003D80B8 /* LaunchScreen.storyboard in Resources */ = {isa = PBXBuildFile; fileRef = CF0F653C2005AF7C003D80B8 /* LaunchScreen.storyboard */; };
		CF0F65462005B4AD003D80B8 /* imagen.png in Resources */ = {isa = PBXBuildFile; fileRef = CF0F65452005B4AD003D80B8 /* imagen.png */; };
/* End PBXBuildFile section */

/* Begin PBXFileReference section */
		CF0F65302005AF7C003D80B8 /* NotificacionLocal.app */ = {isa = PBXFileReference; explicitFileType = wrapper.application; includeInIndex = 0; path = NotificacionLocal.app; sourceTree = BUILT_PRODUCTS_DIR; };
		CF0F65332005AF7C003D80B8 /* AppDelegate.swift */ = {isa = PBXFileReference; lastKnownFileType = sourcecode.swift; path = AppDelegate.swift; sourceTree = "<group>"; };
		CF0F65352005AF7C003D80B8 /* ViewController.swift */ = {isa = PBXFileReference; lastKnownFileType = sourcecode.swift; path = ViewController.swift; sourceTree = "<group>"; };
		CF0F65382005AF7C003D80B8 /* Base */ = {isa = PBXFileReference; lastKnownFileType = file.storyboard; name = Base; path = Base.lproj/Main.storyboard; sourceTree = "<group>"; };
		CF0F653A2005AF7C003D80B8 /* Assets.xcassets */ = {isa = PBXFileReference; lastKnownFileType = folder.assetcatalog; path = Assets.xcassets; sourceTree = "<group>"; };
		CF0F653D2005AF7C003D80B8 /* Base */ = {isa = PBXFileReference; lastKnownFileType = file.storyboard; name = Base; path = Base.lproj/LaunchScreen.storyboard; sourceTree = "<group>"; };
		CF0F653F2005AF7C003D80B8 /* Info.plist */ = {isa = PBXFileReference; lastKnownFileType = text.plist.xml; path = Info.plist; sourceTree = "<group>"; };
		CF0F65452005B4AD003D80B8 /* imagen.png */ = {isa = PBXFileReference; lastKnownFileType = image.png; path = imagen.png; sourceTree = "<group>"; };
/* End PBXFileReference section */

/* Begin PBXFrameworksBuildPhase section */
		CF0F652D2005AF7C003D80B8 /* Frameworks */ = {
			isa = PBXFrameworksBuildPhase;
			buildActionMask = 2147483647;
			files = (
			);
			runOnlyForDeploymentPostprocessing = 0;
		};
/* End PBXFrameworksBuildPhase section */

/* Begin PBXGroup section */
		CF0F65272005AF7C003D80B8 = {
			isa = PBXGroup;
			children = (
				CF0F65322005AF7C003D80B8 /* NotificacionLocal */,
				CF0F65312005AF7C003D80B8 /* Products */,
			);
			sourceTree = "<group>";
		};
		CF0F65312005AF7C003D80B8 /* Products */ = {
			isa = PBXGroup;
			children = (
				CF0F65302005AF7C003D80B8 /* NotificacionLocal.app */,
			);
			name = Products;
			sourceTree = "<group>";
		};
		CF0F65322005AF7C003D80B8 /* NotificacionLocal */ = {
			isa = PBXGroup;
			children = (
				CF0F65332005AF7C003D80B8 /* AppDelegate.swift */,
				CF0F65352005AF7C003D80B8 /* ViewController.swift */,
				CF0F65372005AF7C003D80B8 /* Main.storyboard */,
				CF0F653A2005AF7C003D80B8 /* Assets.xcassets */,
				CF0F65452005B4AD003D80B8 /* imagen.png */,
				CF0F653C2005AF7C003D80B8 /* LaunchScreen.storyboard */,
				CF0F653F2005AF7C003D80B8 /* Info.plist */,
			);
			path = NotificacionLocal;
			sourceTree = "<group>";
		};
/* End PBXGroup section */

/* Begin PBXNativeTarget section */
		CF0F652F2005AF7C003D80B8 /* NotificacionLocal */ = {
			isa = PBXNativeTarget;
			buildConfigurationList = CF0F65422005AF7C003D80B8 /* Build configuration list for PBXNativeTarget "NotificacionLocal" */;
			buildPhases = (
				CF0F652C2005AF7C003D80B8 /* Sources */,
				CF0F652D2005AF7C003D80B8 /* Frameworks */,
				CF0F652E2005AF7C003D80B8 /* Resources */,
			);
			buildRules = (
			);
			dependencies = (
			);
			name = NotificacionLocal;
			productName = NotificacionLocal;
			productReference = CF0F65302005AF7C003D80B8 /* NotificacionLocal.app */;
			productType = "com.apple.product-type.application";
		};
/* End PBXNativeTarget section */

/* Begin PBXProject section */
		CF0F65282005AF7C003D80B8 /* Project object */ = {
			isa = PBXProject;
			attributes = {
				LastSwiftUpdateCheck = 0920;
				LastUpgradeCheck = 0920;
				ORGANIZATIONNAME = codelapp;
				TargetAttributes = {
					CF0F652F2005AF7C003D80B8 = {
						CreatedOnToolsVersion = 9.2;
						ProvisioningStyle = Automatic;
					};
				};
			};
			buildConfigurationList = CF0F652B2005AF7C003D80B8 /* Build configuration list for PBXProject "NotificacionLocal" */;
			compatibilityVersion = "Xcode 9.3";
			developmentRegion = en;
			hasScannedForEncodings = 0;
			knownRegions = (
				en,
				Base,
			);
			mainGroup = CF0F65272005AF7C003D80B8;
			productRefGroup = CF0F65312005AF7C003D80B8 /* Products */;
			projectDirPath = "";
			projectRoot = "";
			targets = (
				CF0F652F2005AF7C003D80B8 /* NotificacionLocal */,
			);
		};
/* End PBXProject section */

/* Begin PBXResourcesBuildPhase section */
		CF0F652E2005AF7C003D80B8 /* Resources */ = {
			isa = PBXResourcesBuildPhase;
			buildActionMask = 2147483647;
			files = (
				CF0F653E2005AF7C003D80B8 /* LaunchScreen.storyboard in Resources */,
				CF0F653B2005AF7C003D80B8 /* Assets.xcassets in Resources */,
				CF0F65462005B4AD003D80B8 /* imagen.png in Resources */,
				CF0F65392005AF7C003D80B8 /* Main.storyboard in Resources */,
			);
			runOnlyForDeploymentPostprocessing = 0;
		};
/* End PBXResourcesBuildPhase section */

/* Begin PBXSourcesBuildPhase section */
		CF0F652C2005AF7C003D80B8 /* Sources */ = {
			isa = PBXSourcesBuildPhase;
			buildActionMask = 2147483647;
			files = (
				CF0F65362005AF7C003D80B8 /* ViewController.swift in Sources */,
				CF0F65342005AF7C003D80B8 /* AppDelegate.swift in Sources */,
			);
			runOnlyForDeploymentPostprocessing = 0;
		};
/* End PBXSourcesBuildPhase section */

/* Begin PBXVariantGroup section */
		CF0F65372005AF7C003D80B8 /* Main.storyboard */ = {
			isa = PBXVariantGroup;
			children = (
				CF0F65382005AF7C003D80B8 /* Base */,
			);
			name = Main.storyboard;
			sourceTree = "<group>";
		};
		CF0F653C2005AF7C003D80B8 /* LaunchScreen.storyboard */ = {
			isa = PBXVariantGroup;
			children = (
				CF0F653D2005AF7C003D80B8 /* Base */,
			);
			name = LaunchScreen.storyboard;
			sourceTree = "<group>";
		};
/* End PBXVariantGroup section */

/* Begin XCBuildConfiguration section */
		CF0F65402005AF7C003D80B8 /* Debug */ = {
			isa = XCBuildConfiguration;
			buildSettings = {
				ALWAYS_SEARCH_USER_PATHS = NO;
				CLANG_ANALYZER_NONNULL = YES;
				CLANG_ANALYZER_NUMBER_OBJECT_CONVERSION = YES_AGGRESSIVE;
				CLANG_CXX_LANGUAGE_STANDARD = "gnu++14";
				CLANG_CXX_LIBRARY = "libc++";
				CLANG_ENABLE_MODULES = YES;
				CLANG_ENABLE_OBJC_ARC = YES;
				CLANG_WARN_BLOCK_CAPTURE_AUTORELEASING = YES;
				CLANG_WARN_BOOL_CONVERSION = YES;
				CLANG_WARN_COMMA = YES;
				CLANG_WARN_CONSTANT_CONVERSION = YES;
				CLANG_WARN_DIRECT_OBJC_ISA_USAGE = YES_ERROR;
				CLANG_WARN_DOCUMENTATION_COMMENTS = YES;
				CLANG_WARN_EMPTY_BODY = YES;
				CLANG_WARN_ENUM_CONVERSION = YES;
				CLANG_WARN_INFINITE_RECURSION = YES;
				CLANG_WARN_INT_CONVERSION = YES;
				CLANG_WARN_NON_LITERAL_NULL_CONVERSION = YES;
				CLANG_WARN_OBJC_LITERAL_CONVERSION = YES;
				CLANG_WARN_OBJC_ROOT_CLASS = YES_ERROR;
				CLANG_WARN_RANGE_LOOP_ANALYSIS = YES;
				CLANG_WARN_STRICT_PROTOTYPES = YES;
				CLANG_WARN_SUSPICIOUS_MOVE = YES;
				CLANG_WARN_UNGUARDED_AVAILABILITY = YES_AGGRESSIVE;
				CLANG_WARN_UNREACHABLE_CODE = YES;
				CLANG_WARN__DUPLICATE_METHOD_MATCH = YES;
				CODE_SIGN_IDENTITY = "iPhone Developer";
				COPY_PHASE_STRIP = NO;
				DEBUG_INFORMATION_FORMAT = dwarf;
				ENABLE_STRICT_OBJC_MSGSEND = YES;
				ENABLE_TESTABILITY = YES;
				GCC_C_LANGUAGE_STANDARD = gnu11;
				GCC_DYNAMIC_NO_PIC = NO;
				GCC_NO_COMMON_BLOCKS = YES;
				GCC_OPTIMIZATION_LEVEL = 0;
				GCC_PREPROCESSOR_DEFINITIONS = (
					"DEBUG=1",
					"$(inherited)",
				);
				GCC_WARN_64_TO_32_BIT_CONVERSION = YES;
				GCC_WARN_ABOUT_RETURN_TYPE = YES_ERROR;
				GCC_WARN_UNDECLARED_SELECTOR = YES;
				GCC_WARN_UNINITIALIZED_AUTOS = YES_AGGRESSIVE;
				GCC_WARN_UNUSED_FUNCTION = YES;
				GCC_WARN_UNUSED_VARIABLE = YES;
				IPHONEOS_DEPLOYMENT_TARGET = 11.2;
				MTL_ENABLE_DEBUG_INFO = YES;
				ONLY_ACTIVE_ARCH = YES;
				SDKROOT = iphoneos;
				SWIFT_ACTIVE_COMPILATION_CONDITIONS = DEBUG;
				SWIFT_COMPILATION_MODE = singlefile;
				SWIFT_OPTIMIZATION_LEVEL = "-Onone";
			};
			name = Debug;
		};
		CF0F65412005AF7C003D80B8 /* Release */ = {
			isa = XCBuildConfiguration;
			buildSettings = {
				ALWAYS_SEARCH_USER_PATHS = NO;
				CLANG_ANALYZER_NONNULL = YES;
				CLANG_ANALYZER_NUMBER_OBJECT_CONVERSION = YES_AGGRESSIVE;
				CLANG_CXX_LANGUAGE_STANDARD = "gnu++14";
				CLANG_CXX_LIBRARY = "libc++";
				CLANG_ENABLE_MODULES = YES;
				CLANG_ENABLE_OBJC_ARC = YES;
				CLANG_WARN_BLOCK_CAPTURE_AUTORELEASING = YES;
				CLANG_WARN_BOOL_CONVERSION = YES;
				CLANG_WARN_COMMA = YES;
				CLANG_WARN_CONSTANT_CONVERSION = YES;
				CLANG_WARN_DIRECT_OBJC_ISA_USAGE = YES_ERROR;
				CLANG_WARN_DOCUMENTATION_COMMENTS = YES;
				CLANG_WARN_EMPTY_BODY = YES;
				CLANG_WARN_ENUM_CONVERSION = YES;
				CLANG_WARN_INFINITE_RECURSION = YES;
				CLANG_WARN_INT_CONVERSION = YES;
				CLANG_WARN_NON_LITERAL_NULL_CONVERSION = YES;
				CLANG_WARN_OBJC_LITERAL_CONVERSION = YES;
				CLANG_WARN_OBJC_ROOT_CLASS = YES_ERROR;
				CLANG_WARN_RANGE_LOOP_ANALYSIS = YES;
				CLANG_WARN_STRICT_PROTOTYPES = YES;
				CLANG_WARN_SUSPICIOUS_MOVE = YES;
				CLANG_WARN_UNGUARDED_AVAILABILITY = YES_AGGRESSIVE;
				CLANG_WARN_UNREACHABLE_CODE = YES;
				CLANG_WARN__DUPLICATE_METHOD_MATCH = YES;
				CODE_SIGN_IDENTITY = "iPhone Developer";
				COPY_PHASE_STRIP = NO;
				DEBUG_INFORMATION_FORMAT = "dwarf-with-dsym";
				ENABLE_NS_ASSERTIONS = NO;
				ENABLE_STRICT_OBJC_MSGSEND = YES;
				GCC_C_LANGUAGE_STANDARD = gnu11;
				GCC_NO_COMMON_BLOCKS = YES;
				GCC_WARN_64_TO_32_BIT_CONVERSION = YES;
				GCC_WARN_ABOUT_RETURN_TYPE = YES_ERROR;
				GCC_WARN_UNDECLARED_SELECTOR = YES;
				GCC_WARN_UNINITIALIZED_AUTOS = YES_AGGRESSIVE;
				GCC_WARN_UNUSED_FUNCTION = YES;
				GCC_WARN_UNUSED_VARIABLE = YES;
				IPHONEOS_DEPLOYMENT_TARGET = 11.2;
				MTL_ENABLE_DEBUG_INFO = NO;
				SDKROOT = iphoneos;
				SWIFT_COMPILATION_MODE = wholemodule;
				SWIFT_OPTIMIZATION_LEVEL = "-O";
				VALIDATE_PRODUCT = YES;
			};
			name = Release;
		};
		CF0F65432005AF7C003D80B8 /* Debug */ = {
			isa = XCBuildConfiguration;
			buildSettings = {
				ASSETCATALOG_COMPILER_APPICON_NAME = AppIcon;
				CODE_SIGN_STYLE = Automatic;
				INFOPLIST_FILE = NotificacionLocal/Info.plist;
				LD_RUNPATH_SEARCH_PATHS = (
					"$(inherited)",
					"@executable_path/Frameworks",
				);
				PRODUCT_BUNDLE_IDENTIFIER = com.codelapp;
				PRODUCT_NAME = "$(TARGET_NAME)";
				SWIFT_VERSION = 4.0;
				TARGETED_DEVICE_FAMILY = "1,2";
			};
			name = Debug;
		};
		CF0F65442005AF7C003D80B8 /* Release */ = {
			isa = XCBuildConfiguration;
			buildSettings = {
				ASSETCATALOG_COMPILER_APPICON_NAME = AppIcon;
				CODE_SIGN_STYLE = Automatic;
				INFOPLIST_FILE = NotificacionLocal/Info.plist;
				LD_RUNPATH_SEARCH_PATHS = (
					"$(inherited)",
					"@executable_path/Frameworks",
				);
				PRODUCT_BUNDLE_IDENTIFIER = com.codelapp;
				PRODUCT_NAME = "$(TARGET_NAME)";
				SWIFT_VERSION = 4.0;
				TARGETED_DEVICE_FAMILY = "1,2";
			};
			name = Release;
		};
/* End XCBuildConfiguration section */

/* Begin XCConfigurationList section */
		CF0F652B2005AF7C003D80B8 /* Build configuration list for PBXProject "NotificacionLocal" */ = {
			isa = XCConfigurationList;
			buildConfigurations = (
				CF0F65402005AF7C003D80B8 /* Debug */,
				CF0F65412005AF7C003D80B8 /* Release */,
			);
			defaultConfigurationIsVisible = 0;
			defaultConfigurationName = Release;
		};
		CF0F65422005AF7C003D80B8 /* Build configuration list for PBXNativeTarget "NotificacionLocal" */ = {
			isa = XCConfigurationList;
			buildConfigurations = (
				CF0F65432005AF7C003D80B8 /* Debug */,
				CF0F65442005AF7C003D80B8 /* Release */,
			);
			defaultConfigurationIsVisible = 0;
			defaultConfigurationName = Release;
		};
/* End XCConfigurationList section */
	};
	rootObject = CF0F65282005AF7C003D80B8 /* Project object */;
}
